
Microsoft Visual Studio Solution File, Format Version 12.00
# Visual Studio Version 17
VisualStudioVersion = 17.11.35327.3
MinimumVisualStudioVersion = 10.0.40219.1
Project("{FAE04EC0-301F-11D3-BF4B-00C04F79EFBC}") = "Web_Framewk_CA2", "Web_Framewk_CA2.csproj", "{E3BFB9CE-9851-4AF2-A764-7E44F60FD898}"
EndProject
Global
	GlobalSection(SolutionConfigurationPlatforms) = preSolution
		Debug|Any CPU = Debug|Any CPU
		Release|Any CPU = Release|Any CPU
	EndGlobalSection
	GlobalSection(ProjectConfigurationPlatforms) = postSolution
		{E3BFB9CE-9851-4AF2-A764-7E44F60FD898}.Debug|Any CPU.ActiveCfg = Debug|Any CPU
		{E3BFB9CE-9851-4AF2-A764-7E44F60FD898}.Debug|Any CPU.Build.0 = Debug|Any CPU
		{E3BFB9CE-9851-4AF2-A764-7E44F60FD898}.Release|Any CPU.ActiveCfg = Release|Any CPU
		{E3BFB9CE-9851-4AF2-A764-7E44F60FD898}.Release|Any CPU.Build.0 = Release|Any CPU
	EndGlobalSection
	GlobalSection(SolutionProperties) = preSolution
		HideSolutionNode = FALSE
	EndGlobalSection
	GlobalSection(ExtensibilityGlobals) = postSolution
		SolutionGuid = {B97A426C-5A7F-4319-BF62-100029972D49}
	EndGlobalSection
EndGlobal
